{
  "pins" : [
    {
      "identity" : "sigmaswiftstatistics",
      "kind" : "remoteSourceControl",
      "location" : "https://github.com/evgenyneu/SigmaSwiftStatistics",
      "state" : {
        "revision" : "d36db09f97a1739edc8c63897220c7ecbb5de684",
        "version" : "9.0.2"
      }
    }
  ],
  "version" : 2
}
